
Microsoft Visual Studio Solution File, Format Version 12.00
# Visual Studio Version 17
VisualStudioVersion = 17.2.32616.157
MinimumVisualStudioVersion = 10.0.40219.1
Project("{9A19103F-16F7-4668-BE54-9A1E7A4F7556}") = "universityApiBackend", "universityApiBackend.csproj", "{B0DEFAEC-4F38-401B-B55A-293297BE6B2E}"
EndProject
Project("{FAE04EC0-301F-11D3-BF4B-00C04F79EFBC}") = "LinqSnippets", "..\LinqSnippets\LinqSnippets.csproj", "{B766512A-2C63-4DF4-B5EC-03A66AB0432E}"
EndProject
Global
	GlobalSection(SolutionConfigurationPlatforms) = preSolution
		Debug|Any CPU = Debug|Any CPU
		Release|Any CPU = Release|Any CPU
	EndGlobalSection
	GlobalSection(ProjectConfigurationPlatforms) = postSolution
		{B0DEFAEC-4F38-401B-B55A-293297BE6B2E}.Debug|Any CPU.ActiveCfg = Debug|Any CPU
		{B0DEFAEC-4F38-401B-B55A-293297BE6B2E}.Debug|Any CPU.Build.0 = Debug|Any CPU
		{B0DEFAEC-4F38-401B-B55A-293297BE6B2E}.Release|Any CPU.ActiveCfg = Release|Any CPU
		{B0DEFAEC-4F38-401B-B55A-293297BE6B2E}.Release|Any CPU.Build.0 = Release|Any CPU
		{B766512A-2C63-4DF4-B5EC-03A66AB0432E}.Debug|Any CPU.ActiveCfg = Debug|Any CPU
		{B766512A-2C63-4DF4-B5EC-03A66AB0432E}.Debug|Any CPU.Build.0 = Debug|Any CPU
		{B766512A-2C63-4DF4-B5EC-03A66AB0432E}.Release|Any CPU.ActiveCfg = Release|Any CPU
		{B766512A-2C63-4DF4-B5EC-03A66AB0432E}.Release|Any CPU.Build.0 = Release|Any CPU
	EndGlobalSection
	GlobalSection(SolutionProperties) = preSolution
		HideSolutionNode = FALSE
	EndGlobalSection
	GlobalSection(ExtensibilityGlobals) = postSolution
		SolutionGuid = {4175F6F8-62F7-41B3-97B5-5E67BC619AB1}
	EndGlobalSection
EndGlobal
